
Microsoft Visual Studio Solution File, Format Version 12.00
# Visual Studio Version 17
VisualStudioVersion = 17.2.32526.322
MinimumVisualStudioVersion = 10.0.40219.1
Project("{FAE04EC0-301F-11D3-BF4B-00C04F79EFBC}") = "EMedicineBE", "EMedicineBE\EMedicineBE.csproj", "{BFFD92AE-3A8E-40F9-9C04-CF6D9BACC670}"
EndProject
Global
	GlobalSection(SolutionConfigurationPlatforms) = preSolution
		Debug|Any CPU = Debug|Any CPU
		Release|Any CPU = Release|Any CPU
	EndGlobalSection
	GlobalSection(ProjectConfigurationPlatforms) = postSolution
		{BFFD92AE-3A8E-40F9-9C04-CF6D9BACC670}.Debug|Any CPU.ActiveCfg = Debug|Any CPU
		{BFFD92AE-3A8E-40F9-9C04-CF6D9BACC670}.Debug|Any CPU.Build.0 = Debug|Any CPU
		{BFFD92AE-3A8E-40F9-9C04-CF6D9BACC670}.Release|Any CPU.ActiveCfg = Release|Any CPU
		{BFFD92AE-3A8E-40F9-9C04-CF6D9BACC670}.Release|Any CPU.Build.0 = Release|Any CPU
	EndGlobalSection
	GlobalSection(SolutionProperties) = preSolution
		HideSolutionNode = FALSE
	EndGlobalSection
	GlobalSection(ExtensibilityGlobals) = postSolution
		SolutionGuid = {5D0B7BD8-89B2-45A4-96D1-16A08C07D061}
	EndGlobalSection
EndGlobal
